
Microsoft Visual Studio Solution File, Format Version 12.00
# Visual Studio 15
VisualStudioVersion = 15.0.27428.2037
MinimumVisualStudioVersion = 10.0.40219.1
Project("{8BC9CEB8-8B4A-11D0-8D11-00A0C91BC942}") = "ConsoleApplication1", "ConsoleApplication1\ConsoleApplication1.vcxproj", "{E51E8C33-879B-4F4A-9CE1-1578140B0F14}"
EndProject
Project("{8BC9CEB8-8B4A-11D0-8D11-00A0C91BC942}") = "UnitTest1", "UnitTest1\UnitTest1.vcxproj", "{AC2D484E-8F6D-4B8D-8D79-A86939518211}"
EndProject
Global
	GlobalSection(SolutionConfigurationPlatforms) = preSolution
		Debug|x64 = Debug|x64
		Debug|x86 = Debug|x86
		Release|x64 = Release|x64
		Release|x86 = Release|x86
	EndGlobalSection
	GlobalSection(ProjectConfigurationPlatforms) = postSolution
		{E51E8C33-879B-4F4A-9CE1-1578140B0F14}.Debug|x64.ActiveCfg = Debug|x64
		{E51E8C33-879B-4F4A-9CE1-1578140B0F14}.Debug|x64.Build.0 = Debug|x64
		{E51E8C33-879B-4F4A-9CE1-1578140B0F14}.Debug|x86.ActiveCfg = Debug|Win32
		{E51E8C33-879B-4F4A-9CE1-1578140B0F14}.Debug|x86.Build.0 = Debug|Win32
		{E51E8C33-879B-4F4A-9CE1-1578140B0F14}.Release|x64.ActiveCfg = Release|x64
		{E51E8C33-879B-4F4A-9CE1-1578140B0F14}.Release|x64.Build.0 = Release|x64
		{E51E8C33-879B-4F4A-9CE1-1578140B0F14}.Release|x86.ActiveCfg = Release|Win32
		{E51E8C33-879B-4F4A-9CE1-1578140B0F14}.Release|x86.Build.0 = Release|Win32
		{AC2D484E-8F6D-4B8D-8D79-A86939518211}.Debug|x64.ActiveCfg = Debug|x64
		{AC2D484E-8F6D-4B8D-8D79-A86939518211}.Debug|x64.Build.0 = Debug|x64
		{AC2D484E-8F6D-4B8D-8D79-A86939518211}.Debug|x86.ActiveCfg = Debug|Win32
		{AC2D484E-8F6D-4B8D-8D79-A86939518211}.Debug|x86.Build.0 = Debug|Win32
		{AC2D484E-8F6D-4B8D-8D79-A86939518211}.Release|x64.ActiveCfg = Release|x64
		{AC2D484E-8F6D-4B8D-8D79-A86939518211}.Release|x64.Build.0 = Release|x64
		{AC2D484E-8F6D-4B8D-8D79-A86939518211}.Release|x86.ActiveCfg = Release|Win32
		{AC2D484E-8F6D-4B8D-8D79-A86939518211}.Release|x86.Build.0 = Release|Win32
	EndGlobalSection
	GlobalSection(SolutionProperties) = preSolution
		HideSolutionNode = FALSE
	EndGlobalSection
	GlobalSection(ExtensibilityGlobals) = postSolution
		SolutionGuid = {D1F5A3CC-BBC9-4AF1-AFA5-B344E8D70AE9}
	EndGlobalSection
EndGlobal
